
Microsoft Visual Studio Solution File, Format Version 12.00
# Visual Studio 15
VisualStudioVersion = 15.0.27130.2036
MinimumVisualStudioVersion = 10.0.40219.1
Project("{8BC9CEB8-8B4A-11D0-8D11-00A0C91BC942}") = "BaseLibs2", "BaseLibs2\BaseLibs2.vcxproj", "{C55E45FF-7D6D-42D2-BF6B-1E8524D8001B}"
EndProject
Project("{8BC9CEB8-8B4A-11D0-8D11-00A0C91BC942}") = "TestApp", "TestApp\TestApp.vcxproj", "{5E02D84A-DB14-47F6-87A5-4836B2E65CBC}"
	ProjectSection(ProjectDependencies) = postProject
		{C55E45FF-7D6D-42D2-BF6B-1E8524D8001B} = {C55E45FF-7D6D-42D2-BF6B-1E8524D8001B}
	EndProjectSection
EndProject
Project("{2150E333-8FDC-42A3-9474-1A3956D46DE8}") = "Docs", "Docs", "{220A9519-27DD-4E16-BBD5-799135FC4330}"
EndProject
Project("{2150E333-8FDC-42A3-9474-1A3956D46DE8}") = "Logger", "Logger", "{61C7190F-74E6-40B2-AA08-F2EB707E5236}"
	ProjectSection(SolutionItems) = preProject
		Docs\BLLog\Concept.txt = Docs\BLLog\Concept.txt
	EndProjectSection
EndProject
Project("{8BC9CEB8-8B4A-11D0-8D11-00A0C91BC942}") = "BLLibs2_Tests", "BLLibs2_Tests\BLLibs2_Tests.vcxproj", "{83F722AB-1749-4A16-92A6-61B9FEBBAF88}"
EndProject
Global
	GlobalSection(SolutionConfigurationPlatforms) = preSolution
		Debug|x64 = Debug|x64
		Debug|x86 = Debug|x86
		Release|x64 = Release|x64
		Release|x86 = Release|x86
	EndGlobalSection
	GlobalSection(ProjectConfigurationPlatforms) = postSolution
		{C55E45FF-7D6D-42D2-BF6B-1E8524D8001B}.Debug|x64.ActiveCfg = Debug|x64
		{C55E45FF-7D6D-42D2-BF6B-1E8524D8001B}.Debug|x64.Build.0 = Debug|x64
		{C55E45FF-7D6D-42D2-BF6B-1E8524D8001B}.Debug|x86.ActiveCfg = Debug|Win32
		{C55E45FF-7D6D-42D2-BF6B-1E8524D8001B}.Debug|x86.Build.0 = Debug|Win32
		{C55E45FF-7D6D-42D2-BF6B-1E8524D8001B}.Release|x64.ActiveCfg = Release|x64
		{C55E45FF-7D6D-42D2-BF6B-1E8524D8001B}.Release|x64.Build.0 = Release|x64
		{C55E45FF-7D6D-42D2-BF6B-1E8524D8001B}.Release|x86.ActiveCfg = Release|Win32
		{C55E45FF-7D6D-42D2-BF6B-1E8524D8001B}.Release|x86.Build.0 = Release|Win32
		{5E02D84A-DB14-47F6-87A5-4836B2E65CBC}.Debug|x64.ActiveCfg = Debug|x64
		{5E02D84A-DB14-47F6-87A5-4836B2E65CBC}.Debug|x64.Build.0 = Debug|x64
		{5E02D84A-DB14-47F6-87A5-4836B2E65CBC}.Debug|x86.ActiveCfg = Debug|Win32
		{5E02D84A-DB14-47F6-87A5-4836B2E65CBC}.Debug|x86.Build.0 = Debug|Win32
		{5E02D84A-DB14-47F6-87A5-4836B2E65CBC}.Release|x64.ActiveCfg = Release|x64
		{5E02D84A-DB14-47F6-87A5-4836B2E65CBC}.Release|x64.Build.0 = Release|x64
		{5E02D84A-DB14-47F6-87A5-4836B2E65CBC}.Release|x86.ActiveCfg = Release|Win32
		{5E02D84A-DB14-47F6-87A5-4836B2E65CBC}.Release|x86.Build.0 = Release|Win32
		{83F722AB-1749-4A16-92A6-61B9FEBBAF88}.Debug|x64.ActiveCfg = Debug|x64
		{83F722AB-1749-4A16-92A6-61B9FEBBAF88}.Debug|x64.Build.0 = Debug|x64
		{83F722AB-1749-4A16-92A6-61B9FEBBAF88}.Debug|x86.ActiveCfg = Debug|Win32
		{83F722AB-1749-4A16-92A6-61B9FEBBAF88}.Debug|x86.Build.0 = Debug|Win32
		{83F722AB-1749-4A16-92A6-61B9FEBBAF88}.Release|x64.ActiveCfg = Release|x64
		{83F722AB-1749-4A16-92A6-61B9FEBBAF88}.Release|x64.Build.0 = Release|x64
		{83F722AB-1749-4A16-92A6-61B9FEBBAF88}.Release|x86.ActiveCfg = Release|Win32
		{83F722AB-1749-4A16-92A6-61B9FEBBAF88}.Release|x86.Build.0 = Release|Win32
	EndGlobalSection
	GlobalSection(SolutionProperties) = preSolution
		HideSolutionNode = FALSE
	EndGlobalSection
	GlobalSection(NestedProjects) = preSolution
		{61C7190F-74E6-40B2-AA08-F2EB707E5236} = {220A9519-27DD-4E16-BBD5-799135FC4330}
	EndGlobalSection
	GlobalSection(ExtensibilityGlobals) = postSolution
		SolutionGuid = {FFD24CF0-18F9-4E58-8395-80F504CADAC5}
	EndGlobalSection
EndGlobal
